{
  "pins" : [
    {
      "identity" : "gcdwebserver",
      "kind" : "remoteSourceControl",
      "location" : "https://github.com/Subito-it/GCDWebServer.git",
      "state" : {
        "revision" : "53a75d58ce45adee997340f25581bf54b46cfc20",
        "version" : "4.0.0"
      }
    },
    {
      "identity" : "sbtuitesttunnel",
      "kind" : "remoteSourceControl",
      "location" : "https://github.com/Subito-it/SBTUITestTunnel.git",
      "state" : {
        "revision" : "1c9b846f95ff683d66c732f8a6fe6d604f50ec16"
      }
    }
  ],
  "version" : 2
}
