// !$*UTF8*$!
{
	archiveVersion = 1;
	classes = {
	};
	objectVersion = 56;
	objects = {

/* Begin PBXBuildFile section */
		16B552D529D236FE00EC2FC7 /* AppDelegate.swift in Sources */ = {isa = PBXBuildFile; fileRef = 16B552D429D236FE00EC2FC7 /* AppDelegate.swift */; };
		16B552D729D236FE00EC2FC7 /* SceneDelegate.swift in Sources */ = {isa = PBXBuildFile; fileRef = 16B552D629D236FE00EC2FC7 /* SceneDelegate.swift */; };
		16B552D929D236FE00EC2FC7 /* ViewController.swift in Sources */ = {isa = PBXBuildFile; fileRef = 16B552D829D236FE00EC2FC7 /* ViewController.swift */; };
		16B552DC29D236FE00EC2FC7 /* Main.storyboard in Resources */ = {isa = PBXBuildFile; fileRef = 16B552DA29D236FE00EC2FC7 /* Main.storyboard */; };
		16B552DE29D236FF00EC2FC7 /* Assets.xcassets in Resources */ = {isa = PBXBuildFile; fileRef = 16B552DD29D236FF00EC2FC7 /* Assets.xcassets */; };
		16B552E129D236FF00EC2FC7 /* LaunchScreen.storyboard in Resources */ = {isa = PBXBuildFile; fileRef = 16B552DF29D236FF00EC2FC7 /* LaunchScreen.storyboard */; };
		16B552EA29D237C100EC2FC7 /* SBTUITestTunnelServer in Frameworks */ = {isa = PBXBuildFile; productRef = 16B552E929D237C100EC2FC7 /* SBTUITestTunnelServer */; };
/* End PBXBuildFile section */

/* Begin PBXFileReference section */
		16B552D129D236FE00EC2FC7 /* SBTUITunnelBug.app */ = {isa = PBXFileReference; explicitFileType = wrapper.application; includeInIndex = 0; path = SBTUITunnelBug.app; sourceTree = BUILT_PRODUCTS_DIR; };
		16B552D429D236FE00EC2FC7 /* AppDelegate.swift */ = {isa = PBXFileReference; lastKnownFileType = sourcecode.swift; path = AppDelegate.swift; sourceTree = "<group>"; };
		16B552D629D236FE00EC2FC7 /* SceneDelegate.swift */ = {isa = PBXFileReference; lastKnownFileType = sourcecode.swift; path = SceneDelegate.swift; sourceTree = "<group>"; };
		16B552D829D236FE00EC2FC7 /* ViewController.swift */ = {isa = PBXFileReference; lastKnownFileType = sourcecode.swift; path = ViewController.swift; sourceTree = "<group>"; };
		16B552DB29D236FE00EC2FC7 /* Base */ = {isa = PBXFileReference; lastKnownFileType = file.storyboard; name = Base; path = Base.lproj/Main.storyboard; sourceTree = "<group>"; };
		16B552DD29D236FF00EC2FC7 /* Assets.xcassets */ = {isa = PBXFileReference; lastKnownFileType = folder.assetcatalog; path = Assets.xcassets; sourceTree = "<group>"; };
		16B552E029D236FF00EC2FC7 /* Base */ = {isa = PBXFileReference; lastKnownFileType = file.storyboard; name = Base; path = Base.lproj/LaunchScreen.storyboard; sourceTree = "<group>"; };
		16B552E229D236FF00EC2FC7 /* Info.plist */ = {isa = PBXFileReference; lastKnownFileType = text.plist.xml; path = Info.plist; sourceTree = "<group>"; };
/* End PBXFileReference section */

/* Begin PBXFrameworksBuildPhase section */
		16B552CE29D236FE00EC2FC7 /* Frameworks */ = {
			isa = PBXFrameworksBuildPhase;
			buildActionMask = 2147483647;
			files = (
				16B552EA29D237C100EC2FC7 /* SBTUITestTunnelServer in Frameworks */,
			);
			runOnlyForDeploymentPostprocessing = 0;
		};
/* End PBXFrameworksBuildPhase section */

/* Begin PBXGroup section */
		16B552C829D236FE00EC2FC7 = {
			isa = PBXGroup;
			children = (
				16B552D329D236FE00EC2FC7 /* SBTUITunnelBug */,
				16B552D229D236FE00EC2FC7 /* Products */,
			);
			sourceTree = "<group>";
		};
		16B552D229D236FE00EC2FC7 /* Products */ = {
			isa = PBXGroup;
			children = (
				16B552D129D236FE00EC2FC7 /* SBTUITunnelBug.app */,
			);
			name = Products;
			sourceTree = "<group>";
		};
		16B552D329D236FE00EC2FC7 /* SBTUITunnelBug */ = {
			isa = PBXGroup;
			children = (
				16B552D429D236FE00EC2FC7 /* AppDelegate.swift */,
				16B552D629D236FE00EC2FC7 /* SceneDelegate.swift */,
				16B552D829D236FE00EC2FC7 /* ViewController.swift */,
				16B552DA29D236FE00EC2FC7 /* Main.storyboard */,
				16B552DD29D236FF00EC2FC7 /* Assets.xcassets */,
				16B552DF29D236FF00EC2FC7 /* LaunchScreen.storyboard */,
				16B552E229D236FF00EC2FC7 /* Info.plist */,
			);
			path = SBTUITunnelBug;
			sourceTree = "<group>";
		};
/* End PBXGroup section */

/* Begin PBXNativeTarget section */
		16B552D029D236FE00EC2FC7 /* SBTUITunnelBug */ = {
			isa = PBXNativeTarget;
			buildConfigurationList = 16B552E529D236FF00EC2FC7 /* Build configuration list for PBXNativeTarget "SBTUITunnelBug" */;
			buildPhases = (
				16B552CD29D236FE00EC2FC7 /* Sources */,
				16B552CE29D236FE00EC2FC7 /* Frameworks */,
				16B552CF29D236FE00EC2FC7 /* Resources */,
			);
			buildRules = (
			);
			dependencies = (
			);
			name = SBTUITunnelBug;
			packageProductDependencies = (
				16B552E929D237C100EC2FC7 /* SBTUITestTunnelServer */,
			);
			productName = SBTUITunnelBug;
			productReference = 16B552D129D236FE00EC2FC7 /* SBTUITunnelBug.app */;
			productType = "com.apple.product-type.application";
		};
/* End PBXNativeTarget section */

/* Begin PBXProject section */
		16B552C929D236FE00EC2FC7 /* Project object */ = {
			isa = PBXProject;
			attributes = {
				BuildIndependentTargetsInParallel = 1;
				LastSwiftUpdateCheck = 1430;
				LastUpgradeCheck = 1430;
				TargetAttributes = {
					16B552D029D236FE00EC2FC7 = {
						CreatedOnToolsVersion = 14.3;
					};
				};
			};
			buildConfigurationList = 16B552CC29D236FE00EC2FC7 /* Build configuration list for PBXProject "SBTUITunnelBug" */;
			compatibilityVersion = "Xcode 14.0";
			developmentRegion = en;
			hasScannedForEncodings = 0;
			knownRegions = (
				en,
				Base,
			);
			mainGroup = 16B552C829D236FE00EC2FC7;
			packageReferences = (
				16B552E829D237C100EC2FC7 /* XCRemoteSwiftPackageReference "SBTUITestTunnel" */,
			);
			productRefGroup = 16B552D229D236FE00EC2FC7 /* Products */;
			projectDirPath = "";
			projectRoot = "";
			targets = (
				16B552D029D236FE00EC2FC7 /* SBTUITunnelBug */,
			);
		};
/* End PBXProject section */

/* Begin PBXResourcesBuildPhase section */
		16B552CF29D236FE00EC2FC7 /* Resources */ = {
			isa = PBXResourcesBuildPhase;
			buildActionMask = 2147483647;
			files = (
				16B552E129D236FF00EC2FC7 /* LaunchScreen.storyboard in Resources */,
				16B552DE29D236FF00EC2FC7 /* Assets.xcassets in Resources */,
				16B552DC29D236FE00EC2FC7 /* Main.storyboard in Resources */,
			);
			runOnlyForDeploymentPostprocessing = 0;
		};
/* End PBXResourcesBuildPhase section */

/* Begin PBXSourcesBuildPhase section */
		16B552CD29D236FE00EC2FC7 /* Sources */ = {
			isa = PBXSourcesBuildPhase;
			buildActionMask = 2147483647;
			files = (
				16B552D929D236FE00EC2FC7 /* ViewController.swift in Sources */,
				16B552D529D236FE00EC2FC7 /* AppDelegate.swift in Sources */,
				16B552D729D236FE00EC2FC7 /* SceneDelegate.swift in Sources */,
			);
			runOnlyForDeploymentPostprocessing = 0;
		};
/* End PBXSourcesBuildPhase section */

/* Begin PBXVariantGroup section */
		16B552DA29D236FE00EC2FC7 /* Main.storyboard */ = {
			isa = PBXVariantGroup;
			children = (
				16B552DB29D236FE00EC2FC7 /* Base */,
			);
			name = Main.storyboard;
			sourceTree = "<group>";
		};
		16B552DF29D236FF00EC2FC7 /* LaunchScreen.storyboard */ = {
			isa = PBXVariantGroup;
			children = (
				16B552E029D236FF00EC2FC7 /* Base */,
			);
			name = LaunchScreen.storyboard;
			sourceTree = "<group>";
		};
/* End PBXVariantGroup section */

/* Begin XCBuildConfiguration section */
		16B552E329D236FF00EC2FC7 /* Debug */ = {
			isa = XCBuildConfiguration;
			buildSettings = {
				ALWAYS_SEARCH_USER_PATHS = NO;
				CLANG_ANALYZER_NONNULL = YES;
				CLANG_ANALYZER_NUMBER_OBJECT_CONVERSION = YES_AGGRESSIVE;
				CLANG_CXX_LANGUAGE_STANDARD = "gnu++20";
				CLANG_ENABLE_MODULES = YES;
				CLANG_ENABLE_OBJC_ARC = YES;
				CLANG_ENABLE_OBJC_WEAK = YES;
				CLANG_WARN_BLOCK_CAPTURE_AUTORELEASING = YES;
				CLANG_WARN_BOOL_CONVERSION = YES;
				CLANG_WARN_COMMA = YES;
				CLANG_WARN_CONSTANT_CONVERSION = YES;
				CLANG_WARN_DEPRECATED_OBJC_IMPLEMENTATIONS = YES;
				CLANG_WARN_DIRECT_OBJC_ISA_USAGE = YES_ERROR;
				CLANG_WARN_DOCUMENTATION_COMMENTS = YES;
				CLANG_WARN_EMPTY_BODY = YES;
				CLANG_WARN_ENUM_CONVERSION = YES;
				CLANG_WARN_INFINITE_RECURSION = YES;
				CLANG_WARN_INT_CONVERSION = YES;
				CLANG_WARN_NON_LITERAL_NULL_CONVERSION = YES;
				CLANG_WARN_OBJC_IMPLICIT_RETAIN_SELF = YES;
				CLANG_WARN_OBJC_LITERAL_CONVERSION = YES;
				CLANG_WARN_OBJC_ROOT_CLASS = YES_ERROR;
				CLANG_WARN_QUOTED_INCLUDE_IN_FRAMEWORK_HEADER = YES;
				CLANG_WARN_RANGE_LOOP_ANALYSIS = YES;
				CLANG_WARN_STRICT_PROTOTYPES = YES;
				CLANG_WARN_SUSPICIOUS_MOVE = YES;
				CLANG_WARN_UNGUARDED_AVAILABILITY = YES_AGGRESSIVE;
				CLANG_WARN_UNREACHABLE_CODE = YES;
				CLANG_WARN__DUPLICATE_METHOD_MATCH = YES;
				COPY_PHASE_STRIP = NO;
				DEBUG_INFORMATION_FORMAT = dwarf;
				ENABLE_STRICT_OBJC_MSGSEND = YES;
				ENABLE_TESTABILITY = YES;
				GCC_C_LANGUAGE_STANDARD = gnu11;
				GCC_DYNAMIC_NO_PIC = NO;
				GCC_NO_COMMON_BLOCKS = YES;
				GCC_OPTIMIZATION_LEVEL = 0;
				GCC_PREPROCESSOR_DEFINITIONS = (
					"DEBUG=1",
					"$(inherited)",
				);
				GCC_WARN_64_TO_32_BIT_CONVERSION = YES;
				GCC_WARN_ABOUT_RETURN_TYPE = YES_ERROR;
				GCC_WARN_UNDECLARED_SELECTOR = YES;
				GCC_WARN_UNINITIALIZED_AUTOS = YES_AGGRESSIVE;
				GCC_WARN_UNUSED_FUNCTION = YES;
				GCC_WARN_UNUSED_VARIABLE = YES;
				IPHONEOS_DEPLOYMENT_TARGET = 16.4;
				MTL_ENABLE_DEBUG_INFO = INCLUDE_SOURCE;
				MTL_FAST_MATH = YES;
				ONLY_ACTIVE_ARCH = YES;
				SDKROOT = iphoneos;
				SWIFT_ACTIVE_COMPILATION_CONDITIONS = DEBUG;
				SWIFT_OPTIMIZATION_LEVEL = "-Onone";
			};
			name = Debug;
		};
		16B552E429D236FF00EC2FC7 /* Release */ = {
			isa = XCBuildConfiguration;
			buildSettings = {
				ALWAYS_SEARCH_USER_PATHS = NO;
				CLANG_ANALYZER_NONNULL = YES;
				CLANG_ANALYZER_NUMBER_OBJECT_CONVERSION = YES_AGGRESSIVE;
				CLANG_CXX_LANGUAGE_STANDARD = "gnu++20";
				CLANG_ENABLE_MODULES = YES;
				CLANG_ENABLE_OBJC_ARC = YES;
				CLANG_ENABLE_OBJC_WEAK = YES;
				CLANG_WARN_BLOCK_CAPTURE_AUTORELEASING = YES;
				CLANG_WARN_BOOL_CONVERSION = YES;
				CLANG_WARN_COMMA = YES;
				CLANG_WARN_CONSTANT_CONVERSION = YES;
				CLANG_WARN_DEPRECATED_OBJC_IMPLEMENTATIONS = YES;
				CLANG_WARN_DIRECT_OBJC_ISA_USAGE = YES_ERROR;
				CLANG_WARN_DOCUMENTATION_COMMENTS = YES;
				CLANG_WARN_EMPTY_BODY = YES;
				CLANG_WARN_ENUM_CONVERSION = YES;
				CLANG_WARN_INFINITE_RECURSION = YES;
				CLANG_WARN_INT_CONVERSION = YES;
				CLANG_WARN_NON_LITERAL_NULL_CONVERSION = YES;
				CLANG_WARN_OBJC_IMPLICIT_RETAIN_SELF = YES;
				CLANG_WARN_OBJC_LITERAL_CONVERSION = YES;
				CLANG_WARN_OBJC_ROOT_CLASS = YES_ERROR;
				CLANG_WARN_QUOTED_INCLUDE_IN_FRAMEWORK_HEADER = YES;
				CLANG_WARN_RANGE_LOOP_ANALYSIS = YES;
				CLANG_WARN_STRICT_PROTOTYPES = YES;
				CLANG_WARN_SUSPICIOUS_MOVE = YES;
				CLANG_WARN_UNGUARDED_AVAILABILITY = YES_AGGRESSIVE;
				CLANG_WARN_UNREACHABLE_CODE = YES;
				CLANG_WARN__DUPLICATE_METHOD_MATCH = YES;
				COPY_PHASE_STRIP = NO;
				DEBUG_INFORMATION_FORMAT = "dwarf-with-dsym";
				ENABLE_NS_ASSERTIONS = NO;
				ENABLE_STRICT_OBJC_MSGSEND = YES;
				GCC_C_LANGUAGE_STANDARD = gnu11;
				GCC_NO_COMMON_BLOCKS = YES;
				GCC_WARN_64_TO_32_BIT_CONVERSION = YES;
				GCC_WARN_ABOUT_RETURN_TYPE = YES_ERROR;
				GCC_WARN_UNDECLARED_SELECTOR = YES;
				GCC_WARN_UNINITIALIZED_AUTOS = YES_AGGRESSIVE;
				GCC_WARN_UNUSED_FUNCTION = YES;
				GCC_WARN_UNUSED_VARIABLE = YES;
				IPHONEOS_DEPLOYMENT_TARGET = 16.4;
				MTL_ENABLE_DEBUG_INFO = NO;
				MTL_FAST_MATH = YES;
				SDKROOT = iphoneos;
				SWIFT_COMPILATION_MODE = wholemodule;
				SWIFT_OPTIMIZATION_LEVEL = "-O";
				VALIDATE_PRODUCT = YES;
			};
			name = Release;
		};
		16B552E629D236FF00EC2FC7 /* Debug */ = {
			isa = XCBuildConfiguration;
			buildSettings = {
				ASSETCATALOG_COMPILER_APPICON_NAME = AppIcon;
				ASSETCATALOG_COMPILER_GLOBAL_ACCENT_COLOR_NAME = AccentColor;
				CODE_SIGN_STYLE = Automatic;
				CURRENT_PROJECT_VERSION = 1;
				DEVELOPMENT_TEAM = 2TKPLNK48B;
				GCC_TREAT_WARNINGS_AS_ERRORS = YES;
				GENERATE_INFOPLIST_FILE = YES;
				INFOPLIST_FILE = SBTUITunnelBug/Info.plist;
				INFOPLIST_KEY_UIApplicationSupportsIndirectInputEvents = YES;
				INFOPLIST_KEY_UILaunchStoryboardName = LaunchScreen;
				INFOPLIST_KEY_UIMainStoryboardFile = Main;
				INFOPLIST_KEY_UISupportedInterfaceOrientations_iPad = "UIInterfaceOrientationPortrait UIInterfaceOrientationPortraitUpsideDown UIInterfaceOrientationLandscapeLeft UIInterfaceOrientationLandscapeRight";
				INFOPLIST_KEY_UISupportedInterfaceOrientations_iPhone = "UIInterfaceOrientationPortrait UIInterfaceOrientationLandscapeLeft UIInterfaceOrientationLandscapeRight";
				LD_RUNPATH_SEARCH_PATHS = (
					"$(inherited)",
					"@executable_path/Frameworks",
				);
				MARKETING_VERSION = 1.0;
				PRODUCT_BUNDLE_IDENTIFIER = com.SBTUITestTunnel.SBTUITunnelBug;
				PRODUCT_NAME = "$(TARGET_NAME)";
				SWIFT_EMIT_LOC_STRINGS = YES;
				SWIFT_TREAT_WARNINGS_AS_ERRORS = YES;
				SWIFT_VERSION = 5.0;
				TARGETED_DEVICE_FAMILY = "1,2";
			};
			name = Debug;
		};
		16B552E729D236FF00EC2FC7 /* Release */ = {
			isa = XCBuildConfiguration;
			buildSettings = {
				ASSETCATALOG_COMPILER_APPICON_NAME = AppIcon;
				ASSETCATALOG_COMPILER_GLOBAL_ACCENT_COLOR_NAME = AccentColor;
				CODE_SIGN_STYLE = Automatic;
				CURRENT_PROJECT_VERSION = 1;
				DEVELOPMENT_TEAM = 2TKPLNK48B;
				GCC_TREAT_WARNINGS_AS_ERRORS = YES;
				GENERATE_INFOPLIST_FILE = YES;
				INFOPLIST_FILE = SBTUITunnelBug/Info.plist;
				INFOPLIST_KEY_UIApplicationSupportsIndirectInputEvents = YES;
				INFOPLIST_KEY_UILaunchStoryboardName = LaunchScreen;
				INFOPLIST_KEY_UIMainStoryboardFile = Main;
				INFOPLIST_KEY_UISupportedInterfaceOrientations_iPad = "UIInterfaceOrientationPortrait UIInterfaceOrientationPortraitUpsideDown UIInterfaceOrientationLandscapeLeft UIInterfaceOrientationLandscapeRight";
				INFOPLIST_KEY_UISupportedInterfaceOrientations_iPhone = "UIInterfaceOrientationPortrait UIInterfaceOrientationLandscapeLeft UIInterfaceOrientationLandscapeRight";
				LD_RUNPATH_SEARCH_PATHS = (
					"$(inherited)",
					"@executable_path/Frameworks",
				);
				MARKETING_VERSION = 1.0;
				PRODUCT_BUNDLE_IDENTIFIER = com.SBTUITestTunnel.SBTUITunnelBug;
				PRODUCT_NAME = "$(TARGET_NAME)";
				SWIFT_EMIT_LOC_STRINGS = YES;
				SWIFT_TREAT_WARNINGS_AS_ERRORS = YES;
				SWIFT_VERSION = 5.0;
				TARGETED_DEVICE_FAMILY = "1,2";
			};
			name = Release;
		};
/* End XCBuildConfiguration section */

/* Begin XCConfigurationList section */
		16B552CC29D236FE00EC2FC7 /* Build configuration list for PBXProject "SBTUITunnelBug" */ = {
			isa = XCConfigurationList;
			buildConfigurations = (
				16B552E329D236FF00EC2FC7 /* Debug */,
				16B552E429D236FF00EC2FC7 /* Release */,
			);
			defaultConfigurationIsVisible = 0;
			defaultConfigurationName = Release;
		};
		16B552E529D236FF00EC2FC7 /* Build configuration list for PBXNativeTarget "SBTUITunnelBug" */ = {
			isa = XCConfigurationList;
			buildConfigurations = (
				16B552E629D236FF00EC2FC7 /* Debug */,
				16B552E729D236FF00EC2FC7 /* Release */,
			);
			defaultConfigurationIsVisible = 0;
			defaultConfigurationName = Release;
		};
/* End XCConfigurationList section */

/* Begin XCRemoteSwiftPackageReference section */
		16B552E829D237C100EC2FC7 /* XCRemoteSwiftPackageReference "SBTUITestTunnel" */ = {
			isa = XCRemoteSwiftPackageReference;
			repositoryURL = "https://github.com/Subito-it/SBTUITestTunnel.git";
			requirement = {
				kind = revision;
				revision = 1c9b846f95ff683d66c732f8a6fe6d604f50ec16;
			};
		};
/* End XCRemoteSwiftPackageReference section */

/* Begin XCSwiftPackageProductDependency section */
		16B552E929D237C100EC2FC7 /* SBTUITestTunnelServer */ = {
			isa = XCSwiftPackageProductDependency;
			package = 16B552E829D237C100EC2FC7 /* XCRemoteSwiftPackageReference "SBTUITestTunnel" */;
			productName = SBTUITestTunnelServer;
		};
/* End XCSwiftPackageProductDependency section */
	};
	rootObject = 16B552C929D236FE00EC2FC7 /* Project object */;
}
